
Microsoft Visual Studio Solution File, Format Version 12.00
# Visual Studio 15
VisualStudioVersion = 15.0.27130.2010
MinimumVisualStudioVersion = 10.0.40219.1
Project("{9A19103F-16F7-4668-BE54-9A1E7A4F7556}") = "EnsembleFX.Messaging", "Messaging\EnsembleFX.Messaging\EnsembleFX.Messaging.csproj", "{CA4FB630-3E2D-4269-849C-4892493F6C76}"
EndProject
Project("{9A19103F-16F7-4668-BE54-9A1E7A4F7556}") = "EnsembleFX.Messaging.Model", "Messaging\EnsembleFX.Messaging.Model\EnsembleFX.Messaging.Model.csproj", "{AC694F1C-99B4-4AAD-88DA-9176F5CFC6CC}"
EndProject
Project("{9A19103F-16F7-4668-BE54-9A1E7A4F7556}") = "EnsembleFX.Logging", "Logging\EnsembleFX.Logging\EnsembleFX.Logging.csproj", "{8DA15AAC-8CCA-46D4-8658-A404BF62A86E}"
EndProject
Project("{9A19103F-16F7-4668-BE54-9A1E7A4F7556}") = "EnsembleFX.Logging.Model", "Logging\EnsembleFX.Logging.Model\EnsembleFX.Logging.Model.csproj", "{88DF6631-C57D-4647-AECA-DC0A93A3EBF1}"
EndProject
Project("{9A19103F-16F7-4668-BE54-9A1E7A4F7556}") = "EnsembleFX.Core", "Core\EnsembleFX.Core\EnsembleFX.Core.csproj", "{3CD99809-2DDB-4A01-AAB7-99EF334227EB}"
EndProject
Project("{9A19103F-16F7-4668-BE54-9A1E7A4F7556}") = "EnsembleFX.StorageAdapter", "Storage\EnsembleFX.StorageAdapter\EnsembleFX.StorageAdapter.csproj", "{BCEBEC41-478A-4B74-8928-B05E0BAB2EA3}"
EndProject
Project("{9A19103F-16F7-4668-BE54-9A1E7A4F7556}") = "EnsembleFX.StorageAdapter.Model", "Storage\EnsembleFX.StorageAdapter.Model\EnsembleFX.StorageAdapter.Model.csproj", "{E96A46AC-289E-4343-AAF1-68AC20BDCDEE}"
EndProject
Project("{9A19103F-16F7-4668-BE54-9A1E7A4F7556}") = "EnsembleFX.Filters", "Filters\EnsembleFX.Filters\EnsembleFX.Filters.csproj", "{2CC09BC0-8938-431D-9343-B77F61A5CA31}"
EndProject
Project("{9A19103F-16F7-4668-BE54-9A1E7A4F7556}") = "EnsembleFX.Repository", "Repository\EnsembleFX.Repository\EnsembleFX.Repository.csproj", "{404925DE-EBAA-4371-AF0B-C9C985500C71}"
EndProject
Project("{9A19103F-16F7-4668-BE54-9A1E7A4F7556}") = "EnsembleFX.Helper", "Helper\EnsembleFX.Helper\EnsembleFX.Helper.csproj", "{B93F937F-D0B6-4A67-90C0-95636935A5FF}"
EndProject
Project("{9A19103F-16F7-4668-BE54-9A1E7A4F7556}") = "EnsembleFX.Caching", "Caching\EnsembleFX.Caching\EnsembleFX.Caching.csproj", "{21DE7CB4-C1F1-4DF9-91DB-D522018A7157}"
EndProject
Project("{9A19103F-16F7-4668-BE54-9A1E7A4F7556}") = "EnsembleFX.Caching.Model", "Caching\EnsembleFX.Caching.Model\EnsembleFX.Caching.Model.csproj", "{1D825D62-5E47-4C38-A915-165BD81F36A7}"
EndProject
Project("{9A19103F-16F7-4668-BE54-9A1E7A4F7556}") = "EnsembleFX.Communication", "Communication\EnsembleFX.Communication\EnsembleFX.Communication.csproj", "{D852FDA4-9A5A-4E49-9AB3-615E9757C87C}"
EndProject
Project("{9A19103F-16F7-4668-BE54-9A1E7A4F7556}") = "EnsembleFX.Communication.Model", "Communication\EnsembleFX.Communication.Model\EnsembleFX.Communication.Model.csproj", "{2D72952D-5BFA-4DFE-9299-C4863F689FF1}"
EndProject
Project("{9A19103F-16F7-4668-BE54-9A1E7A4F7556}") = "EnsembleFX.Configuration", "Configuration\EnsembleFX.Configuration\EnsembleFX.Configuration.csproj", "{F367B0B0-83C1-4AF5-8744-C8058A5A07ED}"
EndProject
Project("{9A19103F-16F7-4668-BE54-9A1E7A4F7556}") = "EnsembleFX.Configuration.Model", "Configuration\EnsembleFX.Configuration.Model\EnsembleFX.Configuration.Model.csproj", "{7D48721F-3862-41A1-B6B8-6EBF4AAD062F}"
EndProject
Project("{9A19103F-16F7-4668-BE54-9A1E7A4F7556}") = "EnsembleFX.Core.Model", "Core\EnsembleFX.Core.Model\EnsembleFX.Core.Model.csproj", "{BDE6DF56-3B2B-4F91-BC04-3D633ADC69B0}"
EndProject
Project("{9A19103F-16F7-4668-BE54-9A1E7A4F7556}") = "EnsembleFX.Encryption", "Encryption\EnsembleFX.Encryption\EnsembleFX.Encryption.csproj", "{B5E83458-1E5D-4943-BAF7-3F9016057FF6}"
EndProject
Project("{9A19103F-16F7-4668-BE54-9A1E7A4F7556}") = "EnsembleFX.Encryption.Model", "Encryption\EnsembleFX.Encryption.Model\EnsembleFX.Encryption.Model.csproj", "{31E3D4B5-96EE-466A-BEE7-1DCD7741B8E8}"
EndProject
Project("{9A19103F-16F7-4668-BE54-9A1E7A4F7556}") = "EnsembleFX.Exceptions", "Exception\EnsembleFX.Exceptions\EnsembleFX.Exceptions.csproj", "{B51206F6-B20F-4104-A80E-0460E816FE91}"
EndProject
Project("{9A19103F-16F7-4668-BE54-9A1E7A4F7556}") = "EnsembleFX.Exceptions.Model", "Exception\EnsembleFX.Exceptions.Model\EnsembleFX.Exceptions.Model.csproj", "{F0A4C526-8399-4CF1-BFF8-C380991901AD}"
EndProject
Project("{9A19103F-16F7-4668-BE54-9A1E7A4F7556}") = "EnsembleFX.Security", "Security\EnsembleFX.Security\EnsembleFX.Security.csproj", "{459686F9-805E-4237-8D0F-9D015023B36B}"
EndProject
Project("{9A19103F-16F7-4668-BE54-9A1E7A4F7556}") = "EnsembleFX.Security.Model", "Security\EnsembleFX.Security.Model\EnsembleFX.Security.Model.csproj", "{451B06E4-E3F5-4290-B713-BF5656C7E62E}"
EndProject
Project("{9A19103F-16F7-4668-BE54-9A1E7A4F7556}") = "EnsembleFX.Serialization", "Serialization\EnsembleFX.Serialization\EnsembleFX.Serialization.csproj", "{410433F9-FBE7-4914-8799-94B50552372B}"
EndProject
Project("{9A19103F-16F7-4668-BE54-9A1E7A4F7556}") = "EnsembleFX.Serialization.Model", "Serialization\EnsembleFX.Serialization.Model\EnsembleFX.Serialization.Model.csproj", "{D1F0A4A1-B5FF-4A87-8B8B-9F41F8963EAF}"
EndProject
Project("{9A19103F-16F7-4668-BE54-9A1E7A4F7556}") = "EnsembleFX.Repository.Model", "Repository\EnsembleFX.Repository.Model\EnsembleFX.Repository.Model.csproj", "{3E992622-FBC9-4DCD-A169-33079A2E7091}"
EndProject
Project("{9A19103F-16F7-4668-BE54-9A1E7A4F7556}") = "EnsembleFX.ApiProxy", "ApiProxy\EnsembleFX.ApiProxy\EnsembleFX.ApiProxy.csproj", "{DFDEF907-ABDE-48BD-97C5-43C412796CFD}"
EndProject
Project("{9A19103F-16F7-4668-BE54-9A1E7A4F7556}") = "EnsembleFX.DataFrame", "DataFrame\EnsembleFX.DataFrame\EnsembleFX.DataFrame.csproj", "{37397133-ED2F-4FF0-A585-6BC24260DCC6}"
EndProject
Global
	GlobalSection(SolutionConfigurationPlatforms) = preSolution
		Debug|Any CPU = Debug|Any CPU
		Release|Any CPU = Release|Any CPU
	EndGlobalSection
	GlobalSection(ProjectConfigurationPlatforms) = postSolution
		{CA4FB630-3E2D-4269-849C-4892493F6C76}.Debug|Any CPU.ActiveCfg = Debug|Any CPU
		{CA4FB630-3E2D-4269-849C-4892493F6C76}.Debug|Any CPU.Build.0 = Debug|Any CPU
		{CA4FB630-3E2D-4269-849C-4892493F6C76}.Release|Any CPU.ActiveCfg = Release|Any CPU
		{CA4FB630-3E2D-4269-849C-4892493F6C76}.Release|Any CPU.Build.0 = Release|Any CPU
		{AC694F1C-99B4-4AAD-88DA-9176F5CFC6CC}.Debug|Any CPU.ActiveCfg = Debug|Any CPU
		{AC694F1C-99B4-4AAD-88DA-9176F5CFC6CC}.Debug|Any CPU.Build.0 = Debug|Any CPU
		{AC694F1C-99B4-4AAD-88DA-9176F5CFC6CC}.Release|Any CPU.ActiveCfg = Release|Any CPU
		{AC694F1C-99B4-4AAD-88DA-9176F5CFC6CC}.Release|Any CPU.Build.0 = Release|Any CPU
		{8DA15AAC-8CCA-46D4-8658-A404BF62A86E}.Debug|Any CPU.ActiveCfg = Debug|Any CPU
		{8DA15AAC-8CCA-46D4-8658-A404BF62A86E}.Debug|Any CPU.Build.0 = Debug|Any CPU
		{8DA15AAC-8CCA-46D4-8658-A404BF62A86E}.Release|Any CPU.ActiveCfg = Release|Any CPU
		{8DA15AAC-8CCA-46D4-8658-A404BF62A86E}.Release|Any CPU.Build.0 = Release|Any CPU
		{88DF6631-C57D-4647-AECA-DC0A93A3EBF1}.Debug|Any CPU.ActiveCfg = Debug|Any CPU
		{88DF6631-C57D-4647-AECA-DC0A93A3EBF1}.Debug|Any CPU.Build.0 = Debug|Any CPU
		{88DF6631-C57D-4647-AECA-DC0A93A3EBF1}.Release|Any CPU.ActiveCfg = Release|Any CPU
		{88DF6631-C57D-4647-AECA-DC0A93A3EBF1}.Release|Any CPU.Build.0 = Release|Any CPU
		{3CD99809-2DDB-4A01-AAB7-99EF334227EB}.Debug|Any CPU.ActiveCfg = Debug|Any CPU
		{3CD99809-2DDB-4A01-AAB7-99EF334227EB}.Debug|Any CPU.Build.0 = Debug|Any CPU
		{3CD99809-2DDB-4A01-AAB7-99EF334227EB}.Release|Any CPU.ActiveCfg = Release|Any CPU
		{3CD99809-2DDB-4A01-AAB7-99EF334227EB}.Release|Any CPU.Build.0 = Release|Any CPU
		{BCEBEC41-478A-4B74-8928-B05E0BAB2EA3}.Debug|Any CPU.ActiveCfg = Debug|Any CPU
		{BCEBEC41-478A-4B74-8928-B05E0BAB2EA3}.Debug|Any CPU.Build.0 = Debug|Any CPU
		{BCEBEC41-478A-4B74-8928-B05E0BAB2EA3}.Release|Any CPU.ActiveCfg = Release|Any CPU
		{BCEBEC41-478A-4B74-8928-B05E0BAB2EA3}.Release|Any CPU.Build.0 = Release|Any CPU
		{E96A46AC-289E-4343-AAF1-68AC20BDCDEE}.Debug|Any CPU.ActiveCfg = Debug|Any CPU
		{E96A46AC-289E-4343-AAF1-68AC20BDCDEE}.Debug|Any CPU.Build.0 = Debug|Any CPU
		{E96A46AC-289E-4343-AAF1-68AC20BDCDEE}.Release|Any CPU.ActiveCfg = Release|Any CPU
		{E96A46AC-289E-4343-AAF1-68AC20BDCDEE}.Release|Any CPU.Build.0 = Release|Any CPU
		{2CC09BC0-8938-431D-9343-B77F61A5CA31}.Debug|Any CPU.ActiveCfg = Debug|Any CPU
		{2CC09BC0-8938-431D-9343-B77F61A5CA31}.Debug|Any CPU.Build.0 = Debug|Any CPU
		{2CC09BC0-8938-431D-9343-B77F61A5CA31}.Release|Any CPU.ActiveCfg = Release|Any CPU
		{2CC09BC0-8938-431D-9343-B77F61A5CA31}.Release|Any CPU.Build.0 = Release|Any CPU
		{404925DE-EBAA-4371-AF0B-C9C985500C71}.Debug|Any CPU.ActiveCfg = Debug|Any CPU
		{404925DE-EBAA-4371-AF0B-C9C985500C71}.Debug|Any CPU.Build.0 = Debug|Any CPU
		{404925DE-EBAA-4371-AF0B-C9C985500C71}.Release|Any CPU.ActiveCfg = Release|Any CPU
		{404925DE-EBAA-4371-AF0B-C9C985500C71}.Release|Any CPU.Build.0 = Release|Any CPU
		{B93F937F-D0B6-4A67-90C0-95636935A5FF}.Debug|Any CPU.ActiveCfg = Debug|Any CPU
		{B93F937F-D0B6-4A67-90C0-95636935A5FF}.Debug|Any CPU.Build.0 = Debug|Any CPU
		{B93F937F-D0B6-4A67-90C0-95636935A5FF}.Release|Any CPU.ActiveCfg = Release|Any CPU
		{B93F937F-D0B6-4A67-90C0-95636935A5FF}.Release|Any CPU.Build.0 = Release|Any CPU
		{21DE7CB4-C1F1-4DF9-91DB-D522018A7157}.Debug|Any CPU.ActiveCfg = Debug|Any CPU
		{21DE7CB4-C1F1-4DF9-91DB-D522018A7157}.Debug|Any CPU.Build.0 = Debug|Any CPU
		{21DE7CB4-C1F1-4DF9-91DB-D522018A7157}.Release|Any CPU.ActiveCfg = Release|Any CPU
		{21DE7CB4-C1F1-4DF9-91DB-D522018A7157}.Release|Any CPU.Build.0 = Release|Any CPU
		{1D825D62-5E47-4C38-A915-165BD81F36A7}.Debug|Any CPU.ActiveCfg = Debug|Any CPU
		{1D825D62-5E47-4C38-A915-165BD81F36A7}.Debug|Any CPU.Build.0 = Debug|Any CPU
		{1D825D62-5E47-4C38-A915-165BD81F36A7}.Release|Any CPU.ActiveCfg = Release|Any CPU
		{1D825D62-5E47-4C38-A915-165BD81F36A7}.Release|Any CPU.Build.0 = Release|Any CPU
		{D852FDA4-9A5A-4E49-9AB3-615E9757C87C}.Debug|Any CPU.ActiveCfg = Debug|Any CPU
		{D852FDA4-9A5A-4E49-9AB3-615E9757C87C}.Debug|Any CPU.Build.0 = Debug|Any CPU
		{D852FDA4-9A5A-4E49-9AB3-615E9757C87C}.Release|Any CPU.ActiveCfg = Release|Any CPU
		{D852FDA4-9A5A-4E49-9AB3-615E9757C87C}.Release|Any CPU.Build.0 = Release|Any CPU
		{2D72952D-5BFA-4DFE-9299-C4863F689FF1}.Debug|Any CPU.ActiveCfg = Debug|Any CPU
		{2D72952D-5BFA-4DFE-9299-C4863F689FF1}.Debug|Any CPU.Build.0 = Debug|Any CPU
		{2D72952D-5BFA-4DFE-9299-C4863F689FF1}.Release|Any CPU.ActiveCfg = Release|Any CPU
		{2D72952D-5BFA-4DFE-9299-C4863F689FF1}.Release|Any CPU.Build.0 = Release|Any CPU
		{F367B0B0-83C1-4AF5-8744-C8058A5A07ED}.Debug|Any CPU.ActiveCfg = Debug|Any CPU
		{F367B0B0-83C1-4AF5-8744-C8058A5A07ED}.Debug|Any CPU.Build.0 = Debug|Any CPU
		{F367B0B0-83C1-4AF5-8744-C8058A5A07ED}.Release|Any CPU.ActiveCfg = Release|Any CPU
		{F367B0B0-83C1-4AF5-8744-C8058A5A07ED}.Release|Any CPU.Build.0 = Release|Any CPU
		{7D48721F-3862-41A1-B6B8-6EBF4AAD062F}.Debug|Any CPU.ActiveCfg = Debug|Any CPU
		{7D48721F-3862-41A1-B6B8-6EBF4AAD062F}.Debug|Any CPU.Build.0 = Debug|Any CPU
		{7D48721F-3862-41A1-B6B8-6EBF4AAD062F}.Release|Any CPU.ActiveCfg = Release|Any CPU
		{7D48721F-3862-41A1-B6B8-6EBF4AAD062F}.Release|Any CPU.Build.0 = Release|Any CPU
		{BDE6DF56-3B2B-4F91-BC04-3D633ADC69B0}.Debug|Any CPU.ActiveCfg = Debug|Any CPU
		{BDE6DF56-3B2B-4F91-BC04-3D633ADC69B0}.Debug|Any CPU.Build.0 = Debug|Any CPU
		{BDE6DF56-3B2B-4F91-BC04-3D633ADC69B0}.Release|Any CPU.ActiveCfg = Release|Any CPU
		{BDE6DF56-3B2B-4F91-BC04-3D633ADC69B0}.Release|Any CPU.Build.0 = Release|Any CPU
		{B5E83458-1E5D-4943-BAF7-3F9016057FF6}.Debug|Any CPU.ActiveCfg = Debug|Any CPU
		{B5E83458-1E5D-4943-BAF7-3F9016057FF6}.Debug|Any CPU.Build.0 = Debug|Any CPU
		{B5E83458-1E5D-4943-BAF7-3F9016057FF6}.Release|Any CPU.ActiveCfg = Release|Any CPU
		{B5E83458-1E5D-4943-BAF7-3F9016057FF6}.Release|Any CPU.Build.0 = Release|Any CPU
		{31E3D4B5-96EE-466A-BEE7-1DCD7741B8E8}.Debug|Any CPU.ActiveCfg = Debug|Any CPU
		{31E3D4B5-96EE-466A-BEE7-1DCD7741B8E8}.Debug|Any CPU.Build.0 = Debug|Any CPU
		{31E3D4B5-96EE-466A-BEE7-1DCD7741B8E8}.Release|Any CPU.ActiveCfg = Release|Any CPU
		{31E3D4B5-96EE-466A-BEE7-1DCD7741B8E8}.Release|Any CPU.Build.0 = Release|Any CPU
		{B51206F6-B20F-4104-A80E-0460E816FE91}.Debug|Any CPU.ActiveCfg = Debug|Any CPU
		{B51206F6-B20F-4104-A80E-0460E816FE91}.Debug|Any CPU.Build.0 = Debug|Any CPU
		{B51206F6-B20F-4104-A80E-0460E816FE91}.Release|Any CPU.ActiveCfg = Release|Any CPU
		{B51206F6-B20F-4104-A80E-0460E816FE91}.Release|Any CPU.Build.0 = Release|Any CPU
		{F0A4C526-8399-4CF1-BFF8-C380991901AD}.Debug|Any CPU.ActiveCfg = Debug|Any CPU
		{F0A4C526-8399-4CF1-BFF8-C380991901AD}.Debug|Any CPU.Build.0 = Debug|Any CPU
		{F0A4C526-8399-4CF1-BFF8-C380991901AD}.Release|Any CPU.ActiveCfg = Release|Any CPU
		{F0A4C526-8399-4CF1-BFF8-C380991901AD}.Release|Any CPU.Build.0 = Release|Any CPU
		{459686F9-805E-4237-8D0F-9D015023B36B}.Debug|Any CPU.ActiveCfg = Debug|Any CPU
		{459686F9-805E-4237-8D0F-9D015023B36B}.Debug|Any CPU.Build.0 = Debug|Any CPU
		{459686F9-805E-4237-8D0F-9D015023B36B}.Release|Any CPU.ActiveCfg = Release|Any CPU
		{459686F9-805E-4237-8D0F-9D015023B36B}.Release|Any CPU.Build.0 = Release|Any CPU
		{451B06E4-E3F5-4290-B713-BF5656C7E62E}.Debug|Any CPU.ActiveCfg = Debug|Any CPU
		{451B06E4-E3F5-4290-B713-BF5656C7E62E}.Debug|Any CPU.Build.0 = Debug|Any CPU
		{451B06E4-E3F5-4290-B713-BF5656C7E62E}.Release|Any CPU.ActiveCfg = Release|Any CPU
		{451B06E4-E3F5-4290-B713-BF5656C7E62E}.Release|Any CPU.Build.0 = Release|Any CPU
		{410433F9-FBE7-4914-8799-94B50552372B}.Debug|Any CPU.ActiveCfg = Debug|Any CPU
		{410433F9-FBE7-4914-8799-94B50552372B}.Debug|Any CPU.Build.0 = Debug|Any CPU
		{410433F9-FBE7-4914-8799-94B50552372B}.Release|Any CPU.ActiveCfg = Release|Any CPU
		{410433F9-FBE7-4914-8799-94B50552372B}.Release|Any CPU.Build.0 = Release|Any CPU
		{D1F0A4A1-B5FF-4A87-8B8B-9F41F8963EAF}.Debug|Any CPU.ActiveCfg = Debug|Any CPU
		{D1F0A4A1-B5FF-4A87-8B8B-9F41F8963EAF}.Debug|Any CPU.Build.0 = Debug|Any CPU
		{D1F0A4A1-B5FF-4A87-8B8B-9F41F8963EAF}.Release|Any CPU.ActiveCfg = Release|Any CPU
		{D1F0A4A1-B5FF-4A87-8B8B-9F41F8963EAF}.Release|Any CPU.Build.0 = Release|Any CPU
		{3E992622-FBC9-4DCD-A169-33079A2E7091}.Debug|Any CPU.ActiveCfg = Debug|Any CPU
		{3E992622-FBC9-4DCD-A169-33079A2E7091}.Debug|Any CPU.Build.0 = Debug|Any CPU
		{3E992622-FBC9-4DCD-A169-33079A2E7091}.Release|Any CPU.ActiveCfg = Release|Any CPU
		{3E992622-FBC9-4DCD-A169-33079A2E7091}.Release|Any CPU.Build.0 = Release|Any CPU
		{DFDEF907-ABDE-48BD-97C5-43C412796CFD}.Debug|Any CPU.ActiveCfg = Debug|Any CPU
		{DFDEF907-ABDE-48BD-97C5-43C412796CFD}.Debug|Any CPU.Build.0 = Debug|Any CPU
		{DFDEF907-ABDE-48BD-97C5-43C412796CFD}.Release|Any CPU.ActiveCfg = Release|Any CPU
		{DFDEF907-ABDE-48BD-97C5-43C412796CFD}.Release|Any CPU.Build.0 = Release|Any CPU
		{37397133-ED2F-4FF0-A585-6BC24260DCC6}.Debug|Any CPU.ActiveCfg = Debug|Any CPU
		{37397133-ED2F-4FF0-A585-6BC24260DCC6}.Debug|Any CPU.Build.0 = Debug|Any CPU
		{37397133-ED2F-4FF0-A585-6BC24260DCC6}.Release|Any CPU.ActiveCfg = Release|Any CPU
		{37397133-ED2F-4FF0-A585-6BC24260DCC6}.Release|Any CPU.Build.0 = Release|Any CPU
	EndGlobalSection
	GlobalSection(SolutionProperties) = preSolution
		HideSolutionNode = FALSE
	EndGlobalSection
	GlobalSection(ExtensibilityGlobals) = postSolution
		SolutionGuid = {1F2C8483-E492-42F9-812E-A68FA218248C}
	EndGlobalSection
EndGlobal
